// !$*UTF8*$!
{
	archiveVersion = 1;
	classes = {
	};
	objectVersion = 55;
	objects = {

/* Begin PBXBuildFile section */
		4F09ED3827BD134D007CFA40 /* AppDelegate.swift in Sources */ = {isa = PBXBuildFile; fileRef = 4F09ED3727BD134D007CFA40 /* AppDelegate.swift */; };
		4F09ED3A27BD134D007CFA40 /* SceneDelegate.swift in Sources */ = {isa = PBXBuildFile; fileRef = 4F09ED3927BD134D007CFA40 /* SceneDelegate.swift */; };
		4F09ED3C27BD134D007CFA40 /* ViewController.swift in Sources */ = {isa = PBXBuildFile; fileRef = 4F09ED3B27BD134D007CFA40 /* ViewController.swift */; };
		4F09ED3F27BD134D007CFA40 /* Main.storyboard in Resources */ = {isa = PBXBuildFile; fileRef = 4F09ED3D27BD134D007CFA40 /* Main.storyboard */; };
		4F09ED4127BD134E007CFA40 /* Assets.xcassets in Resources */ = {isa = PBXBuildFile; fileRef = 4F09ED4027BD134E007CFA40 /* Assets.xcassets */; };
		4F09ED4427BD134E007CFA40 /* LaunchScreen.storyboard in Resources */ = {isa = PBXBuildFile; fileRef = 4F09ED4227BD134E007CFA40 /* LaunchScreen.storyboard */; };
		4F09ED4C27BD2123007CFA40 /* song.mp3 in Resources */ = {isa = PBXBuildFile; fileRef = 4F09ED4B27BD2123007CFA40 /* song.mp3 */; };
/* End PBXBuildFile section */

/* Begin PBXFileReference section */
		4F09ED3427BD134D007CFA40 /* PlayersBall.app */ = {isa = PBXFileReference; explicitFileType = wrapper.application; includeInIndex = 0; path = PlayersBall.app; sourceTree = BUILT_PRODUCTS_DIR; };
		4F09ED3727BD134D007CFA40 /* AppDelegate.swift */ = {isa = PBXFileReference; lastKnownFileType = sourcecode.swift; path = AppDelegate.swift; sourceTree = "<group>"; };
		4F09ED3927BD134D007CFA40 /* SceneDelegate.swift */ = {isa = PBXFileReference; lastKnownFileType = sourcecode.swift; path = SceneDelegate.swift; sourceTree = "<group>"; };
		4F09ED3B27BD134D007CFA40 /* ViewController.swift */ = {isa = PBXFileReference; lastKnownFileType = sourcecode.swift; path = ViewController.swift; sourceTree = "<group>"; };
		4F09ED3E27BD134D007CFA40 /* Base */ = {isa = PBXFileReference; lastKnownFileType = file.storyboard; name = Base; path = Base.lproj/Main.storyboard; sourceTree = "<group>"; };
		4F09ED4027BD134E007CFA40 /* Assets.xcassets */ = {isa = PBXFileReference; lastKnownFileType = folder.assetcatalog; path = Assets.xcassets; sourceTree = "<group>"; };
		4F09ED4327BD134E007CFA40 /* Base */ = {isa = PBXFileReference; lastKnownFileType = file.storyboard; name = Base; path = Base.lproj/LaunchScreen.storyboard; sourceTree = "<group>"; };
		4F09ED4527BD134E007CFA40 /* Info.plist */ = {isa = PBXFileReference; lastKnownFileType = text.plist.xml; path = Info.plist; sourceTree = "<group>"; };
		4F09ED4B27BD2123007CFA40 /* song.mp3 */ = {isa = PBXFileReference; lastKnownFileType = audio.mp3; name = song.mp3; path = ../../../../Downloads/song.mp3; sourceTree = "<group>"; };
/* End PBXFileReference section */

/* Begin PBXFrameworksBuildPhase section */
		4F09ED3127BD134D007CFA40 /* Frameworks */ = {
			isa = PBXFrameworksBuildPhase;
			buildActionMask = 2147483647;
			files = (
			);
			runOnlyForDeploymentPostprocessing = 0;
		};
/* End PBXFrameworksBuildPhase section */

/* Begin PBXGroup section */
		4F09ED2B27BD134D007CFA40 = {
			isa = PBXGroup;
			children = (
				4F09ED3627BD134D007CFA40 /* PlayersBall */,
				4F09ED3527BD134D007CFA40 /* Products */,
			);
			sourceTree = "<group>";
		};
		4F09ED3527BD134D007CFA40 /* Products */ = {
			isa = PBXGroup;
			children = (
				4F09ED3427BD134D007CFA40 /* PlayersBall.app */,
			);
			name = Products;
			sourceTree = "<group>";
		};
		4F09ED3627BD134D007CFA40 /* PlayersBall */ = {
			isa = PBXGroup;
			children = (
				4F09ED3727BD134D007CFA40 /* AppDelegate.swift */,
				4F09ED3927BD134D007CFA40 /* SceneDelegate.swift */,
				4F09ED3B27BD134D007CFA40 /* ViewController.swift */,
				4F09ED3D27BD134D007CFA40 /* Main.storyboard */,
				4F09ED4027BD134E007CFA40 /* Assets.xcassets */,
				4F09ED4227BD134E007CFA40 /* LaunchScreen.storyboard */,
				4F09ED4527BD134E007CFA40 /* Info.plist */,
				4F09ED4B27BD2123007CFA40 /* song.mp3 */,
			);
			path = PlayersBall;
			sourceTree = "<group>";
		};
/* End PBXGroup section */

/* Begin PBXNativeTarget section */
		4F09ED3327BD134D007CFA40 /* PlayersBall */ = {
			isa = PBXNativeTarget;
			buildConfigurationList = 4F09ED4827BD134E007CFA40 /* Build configuration list for PBXNativeTarget "PlayersBall" */;
			buildPhases = (
				4F09ED3027BD134D007CFA40 /* Sources */,
				4F09ED3127BD134D007CFA40 /* Frameworks */,
				4F09ED3227BD134D007CFA40 /* Resources */,
			);
			buildRules = (
			);
			dependencies = (
			);
			name = PlayersBall;
			productName = PlayersBall;
			productReference = 4F09ED3427BD134D007CFA40 /* PlayersBall.app */;
			productType = "com.apple.product-type.application";
		};
/* End PBXNativeTarget section */

/* Begin PBXProject section */
		4F09ED2C27BD134D007CFA40 /* Project object */ = {
			isa = PBXProject;
			attributes = {
				BuildIndependentTargetsInParallel = 1;
				LastSwiftUpdateCheck = 1320;
				LastUpgradeCheck = 1320;
				TargetAttributes = {
					4F09ED3327BD134D007CFA40 = {
						CreatedOnToolsVersion = 13.2.1;
					};
				};
			};
			buildConfigurationList = 4F09ED2F27BD134D007CFA40 /* Build configuration list for PBXProject "PlayersBall" */;
			compatibilityVersion = "Xcode 13.0";
			developmentRegion = en;
			hasScannedForEncodings = 0;
			knownRegions = (
				en,
				Base,
			);
			mainGroup = 4F09ED2B27BD134D007CFA40;
			productRefGroup = 4F09ED3527BD134D007CFA40 /* Products */;
			projectDirPath = "";
			projectRoot = "";
			targets = (
				4F09ED3327BD134D007CFA40 /* PlayersBall */,
			);
		};
/* End PBXProject section */

/* Begin PBXResourcesBuildPhase section */
		4F09ED3227BD134D007CFA40 /* Resources */ = {
			isa = PBXResourcesBuildPhase;
			buildActionMask = 2147483647;
			files = (
				4F09ED4427BD134E007CFA40 /* LaunchScreen.storyboard in Resources */,
				4F09ED4C27BD2123007CFA40 /* song.mp3 in Resources */,
				4F09ED4127BD134E007CFA40 /* Assets.xcassets in Resources */,
				4F09ED3F27BD134D007CFA40 /* Main.storyboard in Resources */,
			);
			runOnlyForDeploymentPostprocessing = 0;
		};
/* End PBXResourcesBuildPhase section */

/* Begin PBXSourcesBuildPhase section */
		4F09ED3027BD134D007CFA40 /* Sources */ = {
			isa = PBXSourcesBuildPhase;
			buildActionMask = 2147483647;
			files = (
				4F09ED3C27BD134D007CFA40 /* ViewController.swift in Sources */,
				4F09ED3827BD134D007CFA40 /* AppDelegate.swift in Sources */,
				4F09ED3A27BD134D007CFA40 /* SceneDelegate.swift in Sources */,
			);
			runOnlyForDeploymentPostprocessing = 0;
		};
/* End PBXSourcesBuildPhase section */

/* Begin PBXVariantGroup section */
		4F09ED3D27BD134D007CFA40 /* Main.storyboard */ = {
			isa = PBXVariantGroup;
			children = (
				4F09ED3E27BD134D007CFA40 /* Base */,
			);
			name = Main.storyboard;
			sourceTree = "<group>";
		};
		4F09ED4227BD134E007CFA40 /* LaunchScreen.storyboard */ = {
			isa = PBXVariantGroup;
			children = (
				4F09ED4327BD134E007CFA40 /* Base */,
			);
			name = LaunchScreen.storyboard;
			sourceTree = "<group>";
		};
/* End PBXVariantGroup section */

/* Begin XCBuildConfiguration section */
		4F09ED4627BD134E007CFA40 /* Debug */ = {
			isa = XCBuildConfiguration;
			buildSettings = {
				ALWAYS_SEARCH_USER_PATHS = NO;
				CLANG_ANALYZER_NONNULL = YES;
				CLANG_ANALYZER_NUMBER_OBJECT_CONVERSION = YES_AGGRESSIVE;
				CLANG_CXX_LANGUAGE_STANDARD = "gnu++17";
				CLANG_CXX_LIBRARY = "libc++";
				CLANG_ENABLE_MODULES = YES;
				CLANG_ENABLE_OBJC_ARC = YES;
				CLANG_ENABLE_OBJC_WEAK = YES;
				CLANG_WARN_BLOCK_CAPTURE_AUTORELEASING = YES;
				CLANG_WARN_BOOL_CONVERSION = YES;
				CLANG_WARN_COMMA = YES;
				CLANG_WARN_CONSTANT_CONVERSION = YES;
				CLANG_WARN_DEPRECATED_OBJC_IMPLEMENTATIONS = YES;
				CLANG_WARN_DIRECT_OBJC_ISA_USAGE = YES_ERROR;
				CLANG_WARN_DOCUMENTATION_COMMENTS = YES;
				CLANG_WARN_EMPTY_BODY = YES;
				CLANG_WARN_ENUM_CONVERSION = YES;
				CLANG_WARN_INFINITE_RECURSION = YES;
				CLANG_WARN_INT_CONVERSION = YES;
				CLANG_WARN_NON_LITERAL_NULL_CONVERSION = YES;
				CLANG_WARN_OBJC_IMPLICIT_RETAIN_SELF = YES;
				CLANG_WARN_OBJC_LITERAL_CONVERSION = YES;
				CLANG_WARN_OBJC_ROOT_CLASS = YES_ERROR;
				CLANG_WARN_QUOTED_INCLUDE_IN_FRAMEWORK_HEADER = YES;
				CLANG_WARN_RANGE_LOOP_ANALYSIS = YES;
				CLANG_WARN_STRICT_PROTOTYPES = YES;
				CLANG_WARN_SUSPICIOUS_MOVE = YES;
				CLANG_WARN_UNGUARDED_AVAILABILITY = YES_AGGRESSIVE;
				CLANG_WARN_UNREACHABLE_CODE = YES;
				CLANG_WARN__DUPLICATE_METHOD_MATCH = YES;
				COPY_PHASE_STRIP = NO;
				DEBUG_INFORMATION_FORMAT = dwarf;
				ENABLE_STRICT_OBJC_MSGSEND = YES;
				ENABLE_TESTABILITY = YES;
				GCC_C_LANGUAGE_STANDARD = gnu11;
				GCC_DYNAMIC_NO_PIC = NO;
				GCC_NO_COMMON_BLOCKS = YES;
				GCC_OPTIMIZATION_LEVEL = 0;
				GCC_PREPROCESSOR_DEFINITIONS = (
					"DEBUG=1",
					"$(inherited)",
				);
				GCC_WARN_64_TO_32_BIT_CONVERSION = YES;
				GCC_WARN_ABOUT_RETURN_TYPE = YES_ERROR;
				GCC_WARN_UNDECLARED_SELECTOR = YES;
				GCC_WARN_UNINITIALIZED_AUTOS = YES_AGGRESSIVE;
				GCC_WARN_UNUSED_FUNCTION = YES;
				GCC_WARN_UNUSED_VARIABLE = YES;
				IPHONEOS_DEPLOYMENT_TARGET = 13.0;
				MTL_ENABLE_DEBUG_INFO = INCLUDE_SOURCE;
				MTL_FAST_MATH = YES;
				ONLY_ACTIVE_ARCH = YES;
				SDKROOT = iphoneos;
				SWIFT_ACTIVE_COMPILATION_CONDITIONS = DEBUG;
				SWIFT_OPTIMIZATION_LEVEL = "-Onone";
			};
			name = Debug;
		};
		4F09ED4727BD134E007CFA40 /* Release */ = {
			isa = XCBuildConfiguration;
			buildSettings = {
				ALWAYS_SEARCH_USER_PATHS = NO;
				CLANG_ANALYZER_NONNULL = YES;
				CLANG_ANALYZER_NUMBER_OBJECT_CONVERSION = YES_AGGRESSIVE;
				CLANG_CXX_LANGUAGE_STANDARD = "gnu++17";
				CLANG_CXX_LIBRARY = "libc++";
				CLANG_ENABLE_MODULES = YES;
				CLANG_ENABLE_OBJC_ARC = YES;
				CLANG_ENABLE_OBJC_WEAK = YES;
				CLANG_WARN_BLOCK_CAPTURE_AUTORELEASING = YES;
				CLANG_WARN_BOOL_CONVERSION = YES;
				CLANG_WARN_COMMA = YES;
				CLANG_WARN_CONSTANT_CONVERSION = YES;
				CLANG_WARN_DEPRECATED_OBJC_IMPLEMENTATIONS = YES;
				CLANG_WARN_DIRECT_OBJC_ISA_USAGE = YES_ERROR;
				CLANG_WARN_DOCUMENTATION_COMMENTS = YES;
				CLANG_WARN_EMPTY_BODY = YES;
				CLANG_WARN_ENUM_CONVERSION = YES;
				CLANG_WARN_INFINITE_RECURSION = YES;
				CLANG_WARN_INT_CONVERSION = YES;
				CLANG_WARN_NON_LITERAL_NULL_CONVERSION = YES;
				CLANG_WARN_OBJC_IMPLICIT_RETAIN_SELF = YES;
				CLANG_WARN_OBJC_LITERAL_CONVERSION = YES;
				CLANG_WARN_OBJC_ROOT_CLASS = YES_ERROR;
				CLANG_WARN_QUOTED_INCLUDE_IN_FRAMEWORK_HEADER = YES;
				CLANG_WARN_RANGE_LOOP_ANALYSIS = YES;
				CLANG_WARN_STRICT_PROTOTYPES = YES;
				CLANG_WARN_SUSPICIOUS_MOVE = YES;
				CLANG_WARN_UNGUARDED_AVAILABILITY = YES_AGGRESSIVE;
				CLANG_WARN_UNREACHABLE_CODE = YES;
				CLANG_WARN__DUPLICATE_METHOD_MATCH = YES;
				COPY_PHASE_STRIP = NO;
				DEBUG_INFORMATION_FORMAT = "dwarf-with-dsym";
				ENABLE_NS_ASSERTIONS = NO;
				ENABLE_STRICT_OBJC_MSGSEND = YES;
				GCC_C_LANGUAGE_STANDARD = gnu11;
				GCC_NO_COMMON_BLOCKS = YES;
				GCC_WARN_64_TO_32_BIT_CONVERSION = YES;
				GCC_WARN_ABOUT_RETURN_TYPE = YES_ERROR;
				GCC_WARN_UNDECLARED_SELECTOR = YES;
				GCC_WARN_UNINITIALIZED_AUTOS = YES_AGGRESSIVE;
				GCC_WARN_UNUSED_FUNCTION = YES;
				GCC_WARN_UNUSED_VARIABLE = YES;
				IPHONEOS_DEPLOYMENT_TARGET = 13.0;
				MTL_ENABLE_DEBUG_INFO = NO;
				MTL_FAST_MATH = YES;
				SDKROOT = iphoneos;
				SWIFT_COMPILATION_MODE = wholemodule;
				SWIFT_OPTIMIZATION_LEVEL = "-O";
				VALIDATE_PRODUCT = YES;
			};
			name = Release;
		};
		4F09ED4927BD134E007CFA40 /* Debug */ = {
			isa = XCBuildConfiguration;
			buildSettings = {
				ASSETCATALOG_COMPILER_APPICON_NAME = AppIcon;
				ASSETCATALOG_COMPILER_GLOBAL_ACCENT_COLOR_NAME = AccentColor;
				CODE_SIGN_STYLE = Automatic;
				CURRENT_PROJECT_VERSION = 1;
				DEVELOPMENT_TEAM = PUN6FCNP6D;
				GENERATE_INFOPLIST_FILE = YES;
				INFOPLIST_FILE = PlayersBall/Info.plist;
				INFOPLIST_KEY_UIApplicationSupportsIndirectInputEvents = YES;
				INFOPLIST_KEY_UILaunchStoryboardName = LaunchScreen;
				INFOPLIST_KEY_UIMainStoryboardFile = Main;
				INFOPLIST_KEY_UISupportedInterfaceOrientations_iPad = "UIInterfaceOrientationPortrait UIInterfaceOrientationPortraitUpsideDown UIInterfaceOrientationLandscapeLeft UIInterfaceOrientationLandscapeRight";
				INFOPLIST_KEY_UISupportedInterfaceOrientations_iPhone = "UIInterfaceOrientationPortrait UIInterfaceOrientationLandscapeLeft UIInterfaceOrientationLandscapeRight";
				IPHONEOS_DEPLOYMENT_TARGET = 13.0;
				LD_RUNPATH_SEARCH_PATHS = (
					"$(inherited)",
					"@executable_path/Frameworks",
				);
				MARKETING_VERSION = 1.0;
				PRODUCT_BUNDLE_IDENTIFIER = com.raiymbekduldiev.PlayersBall;
				PRODUCT_NAME = "$(TARGET_NAME)";
				SWIFT_EMIT_LOC_STRINGS = YES;
				SWIFT_VERSION = 5.0;
				TARGETED_DEVICE_FAMILY = "1,2";
			};
			name = Debug;
		};
		4F09ED4A27BD134E007CFA40 /* Release */ = {
			isa = XCBuildConfiguration;
			buildSettings = {
				ASSETCATALOG_COMPILER_APPICON_NAME = AppIcon;
				ASSETCATALOG_COMPILER_GLOBAL_ACCENT_COLOR_NAME = AccentColor;
				CODE_SIGN_STYLE = Automatic;
				CURRENT_PROJECT_VERSION = 1;
				DEVELOPMENT_TEAM = PUN6FCNP6D;
				GENERATE_INFOPLIST_FILE = YES;
				INFOPLIST_FILE = PlayersBall/Info.plist;
				INFOPLIST_KEY_UIApplicationSupportsIndirectInputEvents = YES;
				INFOPLIST_KEY_UILaunchStoryboardName = LaunchScreen;
				INFOPLIST_KEY_UIMainStoryboardFile = Main;
				INFOPLIST_KEY_UISupportedInterfaceOrientations_iPad = "UIInterfaceOrientationPortrait UIInterfaceOrientationPortraitUpsideDown UIInterfaceOrientationLandscapeLeft UIInterfaceOrientationLandscapeRight";
				INFOPLIST_KEY_UISupportedInterfaceOrientations_iPhone = "UIInterfaceOrientationPortrait UIInterfaceOrientationLandscapeLeft UIInterfaceOrientationLandscapeRight";
				IPHONEOS_DEPLOYMENT_TARGET = 13.0;
				LD_RUNPATH_SEARCH_PATHS = (
					"$(inherited)",
					"@executable_path/Frameworks",
				);
				MARKETING_VERSION = 1.0;
				PRODUCT_BUNDLE_IDENTIFIER = com.raiymbekduldiev.PlayersBall;
				PRODUCT_NAME = "$(TARGET_NAME)";
				SWIFT_EMIT_LOC_STRINGS = YES;
				SWIFT_VERSION = 5.0;
				TARGETED_DEVICE_FAMILY = "1,2";
			};
			name = Release;
		};
/* End XCBuildConfiguration section */

/* Begin XCConfigurationList section */
		4F09ED2F27BD134D007CFA40 /* Build configuration list for PBXProject "PlayersBall" */ = {
			isa = XCConfigurationList;
			buildConfigurations = (
				4F09ED4627BD134E007CFA40 /* Debug */,
				4F09ED4727BD134E007CFA40 /* Release */,
			);
			defaultConfigurationIsVisible = 0;
			defaultConfigurationName = Release;
		};
		4F09ED4827BD134E007CFA40 /* Build configuration list for PBXNativeTarget "PlayersBall" */ = {
			isa = XCConfigurationList;
			buildConfigurations = (
				4F09ED4927BD134E007CFA40 /* Debug */,
				4F09ED4A27BD134E007CFA40 /* Release */,
			);
			defaultConfigurationIsVisible = 0;
			defaultConfigurationName = Release;
		};
/* End XCConfigurationList section */
	};
	rootObject = 4F09ED2C27BD134D007CFA40 /* Project object */;
}
